
Microsoft Visual Studio Solution File, Format Version 12.00
# Visual Studio Version 17
VisualStudioVersion = 17.5.002.0
MinimumVisualStudioVersion = 10.0.40219.1
Project("{9A19103F-16F7-4668-BE54-9A1E7A4F7556}") = "Chain of Responsibility", "Chain of Responsibility\Chain of Responsibility.csproj", "{DDC54392-75FC-4A9E-A5DF-03790944410E}"
EndProject
Global
	GlobalSection(SolutionConfigurationPlatforms) = preSolution
		Debug|Any CPU = Debug|Any CPU
		Release|Any CPU = Release|Any CPU
	EndGlobalSection
	GlobalSection(ProjectConfigurationPlatforms) = postSolution
		{DDC54392-75FC-4A9E-A5DF-03790944410E}.Debug|Any CPU.ActiveCfg = Debug|Any CPU
		{DDC54392-75FC-4A9E-A5DF-03790944410E}.Debug|Any CPU.Build.0 = Debug|Any CPU
		{DDC54392-75FC-4A9E-A5DF-03790944410E}.Release|Any CPU.ActiveCfg = Release|Any CPU
		{DDC54392-75FC-4A9E-A5DF-03790944410E}.Release|Any CPU.Build.0 = Release|Any CPU
	EndGlobalSection
	GlobalSection(SolutionProperties) = preSolution
		HideSolutionNode = FALSE
	EndGlobalSection
	GlobalSection(ExtensibilityGlobals) = postSolution
		SolutionGuid = {6E0BE6CA-556D-4A38-80E2-A6773BF3C0E3}
	EndGlobalSection
EndGlobal
